
Microsoft Visual Studio Solution File, Format Version 12.00
# Visual Studio Version 17
VisualStudioVersion = 17.4.33110.190
MinimumVisualStudioVersion = 10.0.40219.1
Project("{9A19103F-16F7-4668-BE54-9A1E7A4F7556}") = "SdlSharp", "src\SdlSharp\SdlSharp.csproj", "{F0358B89-D0D5-468B-AACC-0961DFBC1FAF}"
EndProject
Project("{2150E333-8FDC-42A3-9474-1A3956D46DE8}") = "Solution Items", "Solution Items", "{8326E65A-D14F-48A6-ACF6-E765EB3E4FAA}"
	ProjectSection(SolutionItems) = preProject
		.editorconfig = .editorconfig
	EndProjectSection
EndProject
Project("{2150E333-8FDC-42A3-9474-1A3956D46DE8}") = "Tutorial", "Tutorial", "{68F1F408-070A-4203-92DF-48FDDCB6C0DE}"
EndProject
Project("{9A19103F-16F7-4668-BE54-9A1E7A4F7556}") = "01_Hello_World", "src\Tutorial\01_Hello_World\01_Hello_World.csproj", "{4D6694FC-ECD2-4694-8839-D3BF86AD879A}"
EndProject
Project("{9A19103F-16F7-4668-BE54-9A1E7A4F7556}") = "02_Event_Driven_Programming", "src\Tutorial\02_Event_Driven_Programming\02_Event_Driven_Programming.csproj", "{713FAFEF-06A9-4361-93BA-6562F05AF317}"
EndProject
Project("{9A19103F-16F7-4668-BE54-9A1E7A4F7556}") = "03_Drawing_on_the_Screen", "src\Tutorial\03_Drawing_on_the_Screen\03_Drawing_on_the_Screen.csproj", "{202C3595-CF62-4D29-B77C-DA96D9248F85}"
EndProject
Project("{9A19103F-16F7-4668-BE54-9A1E7A4F7556}") = "04_Working_with_Images", "src\Tutorial\04_Working_with_Images\04_Working_with_Images.csproj", "{931FAC76-C0B8-494D-9B36-2CB9342FD677}"
EndProject
Project("{9A19103F-16F7-4668-BE54-9A1E7A4F7556}") = "05_Hardware_Acceleration", "src\Tutorial\05_Hardware_Acceleration\05_Hardware_Acceleration.csproj", "{347E9B9C-F45B-4290-A27A-6AFB889EB4D6}"
EndProject
Project("{9A19103F-16F7-4668-BE54-9A1E7A4F7556}") = "06_Drawing", "src\Tutorial\06_Drawing\06_Drawing.csproj", "{80DC786F-CB94-4D48-8744-BE09BB747EF1}"
EndProject
Project("{9A19103F-16F7-4668-BE54-9A1E7A4F7556}") = "07_Sprites", "src\Tutorial\07_Sprites\07_Sprites.csproj", "{B5EB5732-E410-4C96-8C49-EA4D151AD068}"
EndProject
Project("{9A19103F-16F7-4668-BE54-9A1E7A4F7556}") = "08_Text", "src\Tutorial\08_Text\08_Text.csproj", "{99DC56AC-0726-4768-8F17-BDCA68707CBF}"
EndProject
Project("{9A19103F-16F7-4668-BE54-9A1E7A4F7556}") = "SdlSharp.Redist", "src\SdlSharp.Redist\SdlSharp.Redist.csproj", "{2D3D68F0-ADE9-408A-9AF2-CBE4408C388E}"
EndProject
Project("{2150E333-8FDC-42A3-9474-1A3956D46DE8}") = "Samples", "Samples", "{833B1AA1-5B99-47F9-9846-1F575E7710C2}"
EndProject
Project("{2150E333-8FDC-42A3-9474-1A3956D46DE8}") = "Base", "Base", "{350E51A3-1FDB-4442-AD65-50ABD8E1DCF0}"
EndProject
Project("{9A19103F-16F7-4668-BE54-9A1E7A4F7556}") = "SimpleInit", "src\Samples\Base\SimpleInit\SimpleInit.csproj", "{FA58591B-ECBA-4BA6-9B1E-4AB153757A23}"
EndProject
Project("{9A19103F-16F7-4668-BE54-9A1E7A4F7556}") = "Init", "src\Samples\Base\Init\Init.csproj", "{D6CCE49D-1581-44F5-8B6B-99E56D7B98A3}"
EndProject
Project("{2150E333-8FDC-42A3-9474-1A3956D46DE8}") = "Audio", "Audio", "{B14683B4-C0D6-49DC-B095-88A1A76F4096}"
EndProject
Project("{9A19103F-16F7-4668-BE54-9A1E7A4F7556}") = "Convert", "src\Samples\Audio\Convert\Convert.csproj", "{DB5CC098-E26F-40D7-868B-0C706D1B905B}"
EndProject
Project("{9A19103F-16F7-4668-BE54-9A1E7A4F7556}") = "ConvertLegacy", "src\Samples\Audio\ConvertLegacy\ConvertLegacy.csproj", "{AC195BE2-1340-4AA6-B91D-79C45FD5E233}"
EndProject
Project("{9A19103F-16F7-4668-BE54-9A1E7A4F7556}") = "ListAudioDevices", "src\Samples\Audio\ListAudioDevices\ListAudioDevices.csproj", "{F0241415-1886-4EC5-BF1F-62B17BBF0AB8}"
EndProject
Project("{9A19103F-16F7-4668-BE54-9A1E7A4F7556}") = "ListAudioDrivers", "src\Samples\Audio\ListAudioDrivers\ListAudioDrivers.csproj", "{8F0BE2EA-111C-46BD-BAFC-0D445CABCB16}"
EndProject
Project("{9A19103F-16F7-4668-BE54-9A1E7A4F7556}") = "Playback", "src\Samples\Audio\Playback\Playback.csproj", "{E3543A78-B6C7-4F7C-B635-B510E4226832}"
EndProject
Project("{9A19103F-16F7-4668-BE54-9A1E7A4F7556}") = "Record", "src\Samples\Audio\Record\Record.csproj", "{D00B3109-09CF-4C68-A23F-699C9F4E4751}"
EndProject
Project("{9A19103F-16F7-4668-BE54-9A1E7A4F7556}") = "RecordCallback", "src\Samples\Audio\RecordCallback\RecordCallback.csproj", "{1E13139D-3F3E-41C6-A171-7C8EA8274C54}"
EndProject
Project("{9A19103F-16F7-4668-BE54-9A1E7A4F7556}") = "CpuInfo", "src\Samples\Base\CpuInfo\CpuInfo.csproj", "{A69C46FF-90E8-4918-AA45-764A2E860D68}"
EndProject
Project("{9A19103F-16F7-4668-BE54-9A1E7A4F7556}") = "Clipboard", "src\Samples\Base\Clipboard\Clipboard.csproj", "{855580DE-2024-432D-A41B-C601762243C8}"
EndProject
Project("{FAE04EC0-301F-11D3-BF4B-00C04F79EFBC}") = "Versions", "src\Samples\Base\Versions\Versions.csproj", "{96B8D22F-6D6F-4432-A28A-41CFC8211331}"
EndProject
Project("{FAE04EC0-301F-11D3-BF4B-00C04F79EFBC}") = "MessageBox", "src\Samples\Base\MessageBox\MessageBox.csproj", "{27AD41EA-70C8-4205-A47C-6941F8F42A28}"
EndProject
Global
	GlobalSection(SolutionConfigurationPlatforms) = preSolution
		Debug|Any CPU = Debug|Any CPU
		Release|Any CPU = Release|Any CPU
	EndGlobalSection
	GlobalSection(ProjectConfigurationPlatforms) = postSolution
		{F0358B89-D0D5-468B-AACC-0961DFBC1FAF}.Debug|Any CPU.ActiveCfg = Debug|Any CPU
		{F0358B89-D0D5-468B-AACC-0961DFBC1FAF}.Debug|Any CPU.Build.0 = Debug|Any CPU
		{F0358B89-D0D5-468B-AACC-0961DFBC1FAF}.Release|Any CPU.ActiveCfg = Release|Any CPU
		{F0358B89-D0D5-468B-AACC-0961DFBC1FAF}.Release|Any CPU.Build.0 = Release|Any CPU
		{4D6694FC-ECD2-4694-8839-D3BF86AD879A}.Debug|Any CPU.ActiveCfg = Debug|Any CPU
		{4D6694FC-ECD2-4694-8839-D3BF86AD879A}.Debug|Any CPU.Build.0 = Debug|Any CPU
		{4D6694FC-ECD2-4694-8839-D3BF86AD879A}.Release|Any CPU.ActiveCfg = Release|Any CPU
		{4D6694FC-ECD2-4694-8839-D3BF86AD879A}.Release|Any CPU.Build.0 = Release|Any CPU
		{713FAFEF-06A9-4361-93BA-6562F05AF317}.Debug|Any CPU.ActiveCfg = Debug|Any CPU
		{713FAFEF-06A9-4361-93BA-6562F05AF317}.Debug|Any CPU.Build.0 = Debug|Any CPU
		{713FAFEF-06A9-4361-93BA-6562F05AF317}.Release|Any CPU.ActiveCfg = Release|Any CPU
		{713FAFEF-06A9-4361-93BA-6562F05AF317}.Release|Any CPU.Build.0 = Release|Any CPU
		{202C3595-CF62-4D29-B77C-DA96D9248F85}.Debug|Any CPU.ActiveCfg = Debug|Any CPU
		{202C3595-CF62-4D29-B77C-DA96D9248F85}.Debug|Any CPU.Build.0 = Debug|Any CPU
		{202C3595-CF62-4D29-B77C-DA96D9248F85}.Release|Any CPU.ActiveCfg = Release|Any CPU
		{202C3595-CF62-4D29-B77C-DA96D9248F85}.Release|Any CPU.Build.0 = Release|Any CPU
		{931FAC76-C0B8-494D-9B36-2CB9342FD677}.Debug|Any CPU.ActiveCfg = Debug|Any CPU
		{931FAC76-C0B8-494D-9B36-2CB9342FD677}.Debug|Any CPU.Build.0 = Debug|Any CPU
		{931FAC76-C0B8-494D-9B36-2CB9342FD677}.Release|Any CPU.ActiveCfg = Release|Any CPU
		{931FAC76-C0B8-494D-9B36-2CB9342FD677}.Release|Any CPU.Build.0 = Release|Any CPU
		{347E9B9C-F45B-4290-A27A-6AFB889EB4D6}.Debug|Any CPU.ActiveCfg = Debug|Any CPU
		{347E9B9C-F45B-4290-A27A-6AFB889EB4D6}.Debug|Any CPU.Build.0 = Debug|Any CPU
		{347E9B9C-F45B-4290-A27A-6AFB889EB4D6}.Release|Any CPU.ActiveCfg = Release|Any CPU
		{347E9B9C-F45B-4290-A27A-6AFB889EB4D6}.Release|Any CPU.Build.0 = Release|Any CPU
		{80DC786F-CB94-4D48-8744-BE09BB747EF1}.Debug|Any CPU.ActiveCfg = Debug|Any CPU
		{80DC786F-CB94-4D48-8744-BE09BB747EF1}.Debug|Any CPU.Build.0 = Debug|Any CPU
		{80DC786F-CB94-4D48-8744-BE09BB747EF1}.Release|Any CPU.ActiveCfg = Release|Any CPU
		{80DC786F-CB94-4D48-8744-BE09BB747EF1}.Release|Any CPU.Build.0 = Release|Any CPU
		{B5EB5732-E410-4C96-8C49-EA4D151AD068}.Debug|Any CPU.ActiveCfg = Debug|Any CPU
		{B5EB5732-E410-4C96-8C49-EA4D151AD068}.Debug|Any CPU.Build.0 = Debug|Any CPU
		{B5EB5732-E410-4C96-8C49-EA4D151AD068}.Release|Any CPU.ActiveCfg = Release|Any CPU
		{B5EB5732-E410-4C96-8C49-EA4D151AD068}.Release|Any CPU.Build.0 = Release|Any CPU
		{99DC56AC-0726-4768-8F17-BDCA68707CBF}.Debug|Any CPU.ActiveCfg = Debug|Any CPU
		{99DC56AC-0726-4768-8F17-BDCA68707CBF}.Debug|Any CPU.Build.0 = Debug|Any CPU
		{99DC56AC-0726-4768-8F17-BDCA68707CBF}.Release|Any CPU.ActiveCfg = Release|Any CPU
		{99DC56AC-0726-4768-8F17-BDCA68707CBF}.Release|Any CPU.Build.0 = Release|Any CPU
		{2D3D68F0-ADE9-408A-9AF2-CBE4408C388E}.Debug|Any CPU.ActiveCfg = Debug|Any CPU
		{2D3D68F0-ADE9-408A-9AF2-CBE4408C388E}.Debug|Any CPU.Build.0 = Debug|Any CPU
		{2D3D68F0-ADE9-408A-9AF2-CBE4408C388E}.Release|Any CPU.ActiveCfg = Release|Any CPU
		{2D3D68F0-ADE9-408A-9AF2-CBE4408C388E}.Release|Any CPU.Build.0 = Release|Any CPU
		{FA58591B-ECBA-4BA6-9B1E-4AB153757A23}.Debug|Any CPU.ActiveCfg = Debug|Any CPU
		{FA58591B-ECBA-4BA6-9B1E-4AB153757A23}.Debug|Any CPU.Build.0 = Debug|Any CPU
		{FA58591B-ECBA-4BA6-9B1E-4AB153757A23}.Release|Any CPU.ActiveCfg = Release|Any CPU
		{FA58591B-ECBA-4BA6-9B1E-4AB153757A23}.Release|Any CPU.Build.0 = Release|Any CPU
		{D6CCE49D-1581-44F5-8B6B-99E56D7B98A3}.Debug|Any CPU.ActiveCfg = Debug|Any CPU
		{D6CCE49D-1581-44F5-8B6B-99E56D7B98A3}.Debug|Any CPU.Build.0 = Debug|Any CPU
		{D6CCE49D-1581-44F5-8B6B-99E56D7B98A3}.Release|Any CPU.ActiveCfg = Release|Any CPU
		{D6CCE49D-1581-44F5-8B6B-99E56D7B98A3}.Release|Any CPU.Build.0 = Release|Any CPU
		{DB5CC098-E26F-40D7-868B-0C706D1B905B}.Debug|Any CPU.ActiveCfg = Debug|Any CPU
		{DB5CC098-E26F-40D7-868B-0C706D1B905B}.Debug|Any CPU.Build.0 = Debug|Any CPU
		{DB5CC098-E26F-40D7-868B-0C706D1B905B}.Release|Any CPU.ActiveCfg = Release|Any CPU
		{DB5CC098-E26F-40D7-868B-0C706D1B905B}.Release|Any CPU.Build.0 = Release|Any CPU
		{AC195BE2-1340-4AA6-B91D-79C45FD5E233}.Debug|Any CPU.ActiveCfg = Debug|Any CPU
		{AC195BE2-1340-4AA6-B91D-79C45FD5E233}.Debug|Any CPU.Build.0 = Debug|Any CPU
		{AC195BE2-1340-4AA6-B91D-79C45FD5E233}.Release|Any CPU.ActiveCfg = Release|Any CPU
		{AC195BE2-1340-4AA6-B91D-79C45FD5E233}.Release|Any CPU.Build.0 = Release|Any CPU
		{F0241415-1886-4EC5-BF1F-62B17BBF0AB8}.Debug|Any CPU.ActiveCfg = Debug|Any CPU
		{F0241415-1886-4EC5-BF1F-62B17BBF0AB8}.Debug|Any CPU.Build.0 = Debug|Any CPU
		{F0241415-1886-4EC5-BF1F-62B17BBF0AB8}.Release|Any CPU.ActiveCfg = Release|Any CPU
		{F0241415-1886-4EC5-BF1F-62B17BBF0AB8}.Release|Any CPU.Build.0 = Release|Any CPU
		{8F0BE2EA-111C-46BD-BAFC-0D445CABCB16}.Debug|Any CPU.ActiveCfg = Debug|Any CPU
		{8F0BE2EA-111C-46BD-BAFC-0D445CABCB16}.Debug|Any CPU.Build.0 = Debug|Any CPU
		{8F0BE2EA-111C-46BD-BAFC-0D445CABCB16}.Release|Any CPU.ActiveCfg = Release|Any CPU
		{8F0BE2EA-111C-46BD-BAFC-0D445CABCB16}.Release|Any CPU.Build.0 = Release|Any CPU
		{E3543A78-B6C7-4F7C-B635-B510E4226832}.Debug|Any CPU.ActiveCfg = Debug|Any CPU
		{E3543A78-B6C7-4F7C-B635-B510E4226832}.Debug|Any CPU.Build.0 = Debug|Any CPU
		{E3543A78-B6C7-4F7C-B635-B510E4226832}.Release|Any CPU.ActiveCfg = Release|Any CPU
		{E3543A78-B6C7-4F7C-B635-B510E4226832}.Release|Any CPU.Build.0 = Release|Any CPU
		{D00B3109-09CF-4C68-A23F-699C9F4E4751}.Debug|Any CPU.ActiveCfg = Debug|Any CPU
		{D00B3109-09CF-4C68-A23F-699C9F4E4751}.Debug|Any CPU.Build.0 = Debug|Any CPU
		{D00B3109-09CF-4C68-A23F-699C9F4E4751}.Release|Any CPU.ActiveCfg = Release|Any CPU
		{D00B3109-09CF-4C68-A23F-699C9F4E4751}.Release|Any CPU.Build.0 = Release|Any CPU
		{1E13139D-3F3E-41C6-A171-7C8EA8274C54}.Debug|Any CPU.ActiveCfg = Debug|Any CPU
		{1E13139D-3F3E-41C6-A171-7C8EA8274C54}.Debug|Any CPU.Build.0 = Debug|Any CPU
		{1E13139D-3F3E-41C6-A171-7C8EA8274C54}.Release|Any CPU.ActiveCfg = Release|Any CPU
		{1E13139D-3F3E-41C6-A171-7C8EA8274C54}.Release|Any CPU.Build.0 = Release|Any CPU
		{A69C46FF-90E8-4918-AA45-764A2E860D68}.Debug|Any CPU.ActiveCfg = Debug|Any CPU
		{A69C46FF-90E8-4918-AA45-764A2E860D68}.Debug|Any CPU.Build.0 = Debug|Any CPU
		{A69C46FF-90E8-4918-AA45-764A2E860D68}.Release|Any CPU.ActiveCfg = Release|Any CPU
		{A69C46FF-90E8-4918-AA45-764A2E860D68}.Release|Any CPU.Build.0 = Release|Any CPU
		{855580DE-2024-432D-A41B-C601762243C8}.Debug|Any CPU.ActiveCfg = Debug|Any CPU
		{855580DE-2024-432D-A41B-C601762243C8}.Debug|Any CPU.Build.0 = Debug|Any CPU
		{855580DE-2024-432D-A41B-C601762243C8}.Release|Any CPU.ActiveCfg = Release|Any CPU
		{855580DE-2024-432D-A41B-C601762243C8}.Release|Any CPU.Build.0 = Release|Any CPU
		{96B8D22F-6D6F-4432-A28A-41CFC8211331}.Debug|Any CPU.ActiveCfg = Debug|Any CPU
		{96B8D22F-6D6F-4432-A28A-41CFC8211331}.Debug|Any CPU.Build.0 = Debug|Any CPU
		{96B8D22F-6D6F-4432-A28A-41CFC8211331}.Release|Any CPU.ActiveCfg = Release|Any CPU
		{96B8D22F-6D6F-4432-A28A-41CFC8211331}.Release|Any CPU.Build.0 = Release|Any CPU
		{27AD41EA-70C8-4205-A47C-6941F8F42A28}.Debug|Any CPU.ActiveCfg = Debug|Any CPU
		{27AD41EA-70C8-4205-A47C-6941F8F42A28}.Debug|Any CPU.Build.0 = Debug|Any CPU
		{27AD41EA-70C8-4205-A47C-6941F8F42A28}.Release|Any CPU.ActiveCfg = Release|Any CPU
		{27AD41EA-70C8-4205-A47C-6941F8F42A28}.Release|Any CPU.Build.0 = Release|Any CPU
	EndGlobalSection
	GlobalSection(SolutionProperties) = preSolution
		HideSolutionNode = FALSE
	EndGlobalSection
	GlobalSection(NestedProjects) = preSolution
		{4D6694FC-ECD2-4694-8839-D3BF86AD879A} = {68F1F408-070A-4203-92DF-48FDDCB6C0DE}
		{713FAFEF-06A9-4361-93BA-6562F05AF317} = {68F1F408-070A-4203-92DF-48FDDCB6C0DE}
		{202C3595-CF62-4D29-B77C-DA96D9248F85} = {68F1F408-070A-4203-92DF-48FDDCB6C0DE}
		{931FAC76-C0B8-494D-9B36-2CB9342FD677} = {68F1F408-070A-4203-92DF-48FDDCB6C0DE}
		{347E9B9C-F45B-4290-A27A-6AFB889EB4D6} = {68F1F408-070A-4203-92DF-48FDDCB6C0DE}
		{80DC786F-CB94-4D48-8744-BE09BB747EF1} = {68F1F408-070A-4203-92DF-48FDDCB6C0DE}
		{B5EB5732-E410-4C96-8C49-EA4D151AD068} = {68F1F408-070A-4203-92DF-48FDDCB6C0DE}
		{99DC56AC-0726-4768-8F17-BDCA68707CBF} = {68F1F408-070A-4203-92DF-48FDDCB6C0DE}
		{350E51A3-1FDB-4442-AD65-50ABD8E1DCF0} = {833B1AA1-5B99-47F9-9846-1F575E7710C2}
		{FA58591B-ECBA-4BA6-9B1E-4AB153757A23} = {350E51A3-1FDB-4442-AD65-50ABD8E1DCF0}
		{D6CCE49D-1581-44F5-8B6B-99E56D7B98A3} = {350E51A3-1FDB-4442-AD65-50ABD8E1DCF0}
		{B14683B4-C0D6-49DC-B095-88A1A76F4096} = {833B1AA1-5B99-47F9-9846-1F575E7710C2}
		{DB5CC098-E26F-40D7-868B-0C706D1B905B} = {B14683B4-C0D6-49DC-B095-88A1A76F4096}
		{AC195BE2-1340-4AA6-B91D-79C45FD5E233} = {B14683B4-C0D6-49DC-B095-88A1A76F4096}
		{F0241415-1886-4EC5-BF1F-62B17BBF0AB8} = {B14683B4-C0D6-49DC-B095-88A1A76F4096}
		{8F0BE2EA-111C-46BD-BAFC-0D445CABCB16} = {B14683B4-C0D6-49DC-B095-88A1A76F4096}
		{E3543A78-B6C7-4F7C-B635-B510E4226832} = {B14683B4-C0D6-49DC-B095-88A1A76F4096}
		{D00B3109-09CF-4C68-A23F-699C9F4E4751} = {B14683B4-C0D6-49DC-B095-88A1A76F4096}
		{1E13139D-3F3E-41C6-A171-7C8EA8274C54} = {B14683B4-C0D6-49DC-B095-88A1A76F4096}
		{A69C46FF-90E8-4918-AA45-764A2E860D68} = {350E51A3-1FDB-4442-AD65-50ABD8E1DCF0}
		{855580DE-2024-432D-A41B-C601762243C8} = {350E51A3-1FDB-4442-AD65-50ABD8E1DCF0}
		{96B8D22F-6D6F-4432-A28A-41CFC8211331} = {350E51A3-1FDB-4442-AD65-50ABD8E1DCF0}
		{27AD41EA-70C8-4205-A47C-6941F8F42A28} = {350E51A3-1FDB-4442-AD65-50ABD8E1DCF0}
	EndGlobalSection
	GlobalSection(ExtensibilityGlobals) = postSolution
		SolutionGuid = {AD118769-C6C1-4143-8572-DBB43A8E9A83}
	EndGlobalSection
EndGlobal
