<Solution>
  <Project Path="src/SdlSharp/SdlSharp.csproj" />
  <Folder Name="/src/" />
  <Folder Name="/samples/">
    <Project Path="Samples/Lifecycle/Lifecycle.csproj" />
    <Project Path="Samples/Renderer/Renderer.csproj" />
    <Project Path="Samples/InputDemo/InputDemo.csproj" />
    <Project Path="Samples/Paint/Paint.csproj" />
    <Project Path="Samples/AudioInfo/AudioInfo.csproj" />
    <Project Path="Samples/ToneGenerator/ToneGenerator.csproj" />
  </Folder>
  <Folder Name="/Solution Items/">
    <File Path="TODO.md" />
  </Folder>
</Solution>
