<Solution>
  <Project Path="src/SdlSharp/SdlSharp.csproj" />
  <Folder Name="/src/" />
  <Folder Name="/samples/">
    <Project Path="Samples/Lifecycle/Lifecycle.csproj" />
    <Project Path="samples/Renderer/Renderer.csproj" />
  </Folder>
  <Folder Name="/Solution Items/">
    <File Path="TODO.md" />
  </Folder>
</Solution>
