
Microsoft Visual Studio Solution File, Format Version 12.00
# Visual Studio Version 17
VisualStudioVersion = 17.4.33110.190
MinimumVisualStudioVersion = 10.0.40219.1
Project("{9A19103F-16F7-4668-BE54-9A1E7A4F7556}") = "SdlSharp", "src\SdlSharp\SdlSharp.csproj", "{F0358B89-D0D5-468B-AACC-0961DFBC1FAF}"
EndProject
Project("{2150E333-8FDC-42A3-9474-1A3956D46DE8}") = "Solution Items", "Solution Items", "{8326E65A-D14F-48A6-ACF6-E765EB3E4FAA}"
	ProjectSection(SolutionItems) = preProject
		.editorconfig = .editorconfig
	EndProjectSection
EndProject
Project("{2150E333-8FDC-42A3-9474-1A3956D46DE8}") = "Tutorial", "Tutorial", "{68F1F408-070A-4203-92DF-48FDDCB6C0DE}"
EndProject
Project("{9A19103F-16F7-4668-BE54-9A1E7A4F7556}") = "01_Hello_World", "src\Tutorial\01_Hello_World\01_Hello_World.csproj", "{4D6694FC-ECD2-4694-8839-D3BF86AD879A}"
EndProject
Project("{9A19103F-16F7-4668-BE54-9A1E7A4F7556}") = "02_Event_Driven_Programming", "src\Tutorial\02_Event_Driven_Programming\02_Event_Driven_Programming.csproj", "{713FAFEF-06A9-4361-93BA-6562F05AF317}"
EndProject
Project("{9A19103F-16F7-4668-BE54-9A1E7A4F7556}") = "03_Drawing_on_the_Screen", "src\Tutorial\03_Drawing_on_the_Screen\03_Drawing_on_the_Screen.csproj", "{202C3595-CF62-4D29-B77C-DA96D9248F85}"
EndProject
Project("{9A19103F-16F7-4668-BE54-9A1E7A4F7556}") = "04_Working_with_Images", "src\Tutorial\04_Working_with_Images\04_Working_with_Images.csproj", "{931FAC76-C0B8-494D-9B36-2CB9342FD677}"
EndProject
Project("{9A19103F-16F7-4668-BE54-9A1E7A4F7556}") = "05_Hardware_Acceleration", "src\Tutorial\05_Hardware_Acceleration\05_Hardware_Acceleration.csproj", "{347E9B9C-F45B-4290-A27A-6AFB889EB4D6}"
EndProject
Project("{9A19103F-16F7-4668-BE54-9A1E7A4F7556}") = "06_Drawing", "src\Tutorial\06_Drawing\06_Drawing.csproj", "{80DC786F-CB94-4D48-8744-BE09BB747EF1}"
EndProject
Project("{9A19103F-16F7-4668-BE54-9A1E7A4F7556}") = "07_Sprites", "src\Tutorial\07_Sprites\07_Sprites.csproj", "{B5EB5732-E410-4C96-8C49-EA4D151AD068}"
EndProject
Project("{9A19103F-16F7-4668-BE54-9A1E7A4F7556}") = "08_Text", "src\Tutorial\08_Text\08_Text.csproj", "{99DC56AC-0726-4768-8F17-BDCA68707CBF}"
EndProject
Project("{9A19103F-16F7-4668-BE54-9A1E7A4F7556}") = "SdlSharp.Redist", "src\SdlSharp.Redist\SdlSharp.Redist.csproj", "{2D3D68F0-ADE9-408A-9AF2-CBE4408C388E}"
EndProject
Project("{2150E333-8FDC-42A3-9474-1A3956D46DE8}") = "Samples", "Samples", "{833B1AA1-5B99-47F9-9846-1F575E7710C2}"
EndProject
Project("{2150E333-8FDC-42A3-9474-1A3956D46DE8}") = "Native", "Native", "{0901E1C7-FA6A-4ED3-A407-CBDED8B2B0CD}"
EndProject
Project("{2150E333-8FDC-42A3-9474-1A3956D46DE8}") = "SDL", "SDL", "{E1A900F6-A765-4A39-8AA6-467845F231B9}"
EndProject
Project("{9A19103F-16F7-4668-BE54-9A1E7A4F7556}") = "SimpleInit", "src\Samples\Native\SDL\SimpleInit\SimpleInit.csproj", "{AA895B3B-93F3-4773-817E-4AF07D1C5E57}"
EndProject
Project("{9A19103F-16F7-4668-BE54-9A1E7A4F7556}") = "Init", "src\Samples\Native\SDL\Init\Init.csproj", "{A5775110-85EE-4932-8DFE-4488F8946AC0}"
EndProject
Project("{2150E333-8FDC-42A3-9474-1A3956D46DE8}") = "SDL_audio", "SDL_audio", "{7B5E753D-AAB9-4B9A-A0A0-36F8539019BF}"
EndProject
Project("{9A19103F-16F7-4668-BE54-9A1E7A4F7556}") = "ListAudioDrivers", "src\Samples\Native\SDL_audio\ListAudioDrivers\ListAudioDrivers.csproj", "{888A48E0-85C5-4B5D-9663-DF478349DC0A}"
EndProject
Project("{2150E333-8FDC-42A3-9474-1A3956D46DE8}") = "Managed", "Managed", "{C0508086-085E-4AD8-9462-80B8EB585CDE}"
EndProject
Project("{2150E333-8FDC-42A3-9474-1A3956D46DE8}") = "SDL", "SDL", "{2C861754-2506-4EF2-8B05-E46ED582E80A}"
EndProject
Project("{9A19103F-16F7-4668-BE54-9A1E7A4F7556}") = "SimpleInit", "src\Samples\Managed\SDL\SimpleInit\SimpleInit.csproj", "{61065541-E9AB-4492-9E3F-FD6948E1AD7F}"
EndProject
Project("{9A19103F-16F7-4668-BE54-9A1E7A4F7556}") = "Init", "src\Samples\Managed\SDL\Init\Init.csproj", "{3AA09E5F-C5CA-448F-B547-83D2C630A327}"
EndProject
Project("{2150E333-8FDC-42A3-9474-1A3956D46DE8}") = "SDL_audio", "SDL_audio", "{877B95CA-42A2-4396-9A54-606A2B0F459D}"
EndProject
Project("{9A19103F-16F7-4668-BE54-9A1E7A4F7556}") = "ListAudioDrivers", "src\Samples\Managed\SDL_audio\ListAudioDrivers\ListAudioDrivers.csproj", "{38415A54-2C23-4675-93AE-823511B214A9}"
EndProject
Project("{9A19103F-16F7-4668-BE54-9A1E7A4F7556}") = "ListAudioDevices", "src\Samples\Native\SDL_audio\ListAudioDevices\ListAudioDevices.csproj", "{47F4E273-3E81-4BB4-9D9F-9E44D34AE34C}"
EndProject
Project("{9A19103F-16F7-4668-BE54-9A1E7A4F7556}") = "ListAudioDevices", "src\Samples\Managed\SDL_audio\ListAudioDevices\ListAudioDevices.csproj", "{ADC07942-FD50-4BEE-B2FB-7E6452010E69}"
EndProject
Project("{9A19103F-16F7-4668-BE54-9A1E7A4F7556}") = "Playback", "src\Samples\Native\SDL_audio\Playback\Playback.csproj", "{9A65EB7A-C272-4C02-9E0F-642C9A210BE1}"
EndProject
Project("{9A19103F-16F7-4668-BE54-9A1E7A4F7556}") = "Convert", "src\Samples\Native\SDL_audio\Convert\Convert.csproj", "{9FAA92D5-4E0B-4399-A994-642AD7098662}"
EndProject
Project("{9A19103F-16F7-4668-BE54-9A1E7A4F7556}") = "Record", "src\Samples\Native\SDL_audio\Record\Record.csproj", "{7F47A653-C25C-4AD3-97F4-1FC0601C3202}"
EndProject
Project("{9A19103F-16F7-4668-BE54-9A1E7A4F7556}") = "Convert", "src\Samples\Managed\SDL_audio\Convert\Convert.csproj", "{12A87A1E-D3C6-40EA-8287-9A6EBAD7B5A8}"
EndProject
Project("{9A19103F-16F7-4668-BE54-9A1E7A4F7556}") = "Playback", "src\Samples\Managed\SDL_audio\Playback\Playback.csproj", "{725DF23C-48FF-44B3-B2C8-2C50CB8F68B4}"
EndProject
Project("{9A19103F-16F7-4668-BE54-9A1E7A4F7556}") = "Record", "src\Samples\Managed\SDL_audio\Record\Record.csproj", "{1FF98EF5-4E3A-4534-BC1C-0A81515AEC20}"
EndProject
Project("{9A19103F-16F7-4668-BE54-9A1E7A4F7556}") = "RecordCallback", "src\Samples\Native\SDL_audio\RecordCallback\RecordCallback.csproj", "{6B6BCD75-B65B-496C-B088-0AE3C3256B7C}"
EndProject
Project("{9A19103F-16F7-4668-BE54-9A1E7A4F7556}") = "RecordCallback", "src\Samples\Managed\SDL_audio\RecordCallback\RecordCallback.csproj", "{78CC2656-7C91-4F99-951A-0212B89986D4}"
EndProject
Global
	GlobalSection(SolutionConfigurationPlatforms) = preSolution
		Debug|Any CPU = Debug|Any CPU
		Release|Any CPU = Release|Any CPU
	EndGlobalSection
	GlobalSection(ProjectConfigurationPlatforms) = postSolution
		{F0358B89-D0D5-468B-AACC-0961DFBC1FAF}.Debug|Any CPU.ActiveCfg = Debug|Any CPU
		{F0358B89-D0D5-468B-AACC-0961DFBC1FAF}.Debug|Any CPU.Build.0 = Debug|Any CPU
		{F0358B89-D0D5-468B-AACC-0961DFBC1FAF}.Release|Any CPU.ActiveCfg = Release|Any CPU
		{F0358B89-D0D5-468B-AACC-0961DFBC1FAF}.Release|Any CPU.Build.0 = Release|Any CPU
		{4D6694FC-ECD2-4694-8839-D3BF86AD879A}.Debug|Any CPU.ActiveCfg = Debug|Any CPU
		{4D6694FC-ECD2-4694-8839-D3BF86AD879A}.Debug|Any CPU.Build.0 = Debug|Any CPU
		{4D6694FC-ECD2-4694-8839-D3BF86AD879A}.Release|Any CPU.ActiveCfg = Release|Any CPU
		{4D6694FC-ECD2-4694-8839-D3BF86AD879A}.Release|Any CPU.Build.0 = Release|Any CPU
		{713FAFEF-06A9-4361-93BA-6562F05AF317}.Debug|Any CPU.ActiveCfg = Debug|Any CPU
		{713FAFEF-06A9-4361-93BA-6562F05AF317}.Debug|Any CPU.Build.0 = Debug|Any CPU
		{713FAFEF-06A9-4361-93BA-6562F05AF317}.Release|Any CPU.ActiveCfg = Release|Any CPU
		{713FAFEF-06A9-4361-93BA-6562F05AF317}.Release|Any CPU.Build.0 = Release|Any CPU
		{202C3595-CF62-4D29-B77C-DA96D9248F85}.Debug|Any CPU.ActiveCfg = Debug|Any CPU
		{202C3595-CF62-4D29-B77C-DA96D9248F85}.Debug|Any CPU.Build.0 = Debug|Any CPU
		{202C3595-CF62-4D29-B77C-DA96D9248F85}.Release|Any CPU.ActiveCfg = Release|Any CPU
		{202C3595-CF62-4D29-B77C-DA96D9248F85}.Release|Any CPU.Build.0 = Release|Any CPU
		{931FAC76-C0B8-494D-9B36-2CB9342FD677}.Debug|Any CPU.ActiveCfg = Debug|Any CPU
		{931FAC76-C0B8-494D-9B36-2CB9342FD677}.Debug|Any CPU.Build.0 = Debug|Any CPU
		{931FAC76-C0B8-494D-9B36-2CB9342FD677}.Release|Any CPU.ActiveCfg = Release|Any CPU
		{931FAC76-C0B8-494D-9B36-2CB9342FD677}.Release|Any CPU.Build.0 = Release|Any CPU
		{347E9B9C-F45B-4290-A27A-6AFB889EB4D6}.Debug|Any CPU.ActiveCfg = Debug|Any CPU
		{347E9B9C-F45B-4290-A27A-6AFB889EB4D6}.Debug|Any CPU.Build.0 = Debug|Any CPU
		{347E9B9C-F45B-4290-A27A-6AFB889EB4D6}.Release|Any CPU.ActiveCfg = Release|Any CPU
		{347E9B9C-F45B-4290-A27A-6AFB889EB4D6}.Release|Any CPU.Build.0 = Release|Any CPU
		{80DC786F-CB94-4D48-8744-BE09BB747EF1}.Debug|Any CPU.ActiveCfg = Debug|Any CPU
		{80DC786F-CB94-4D48-8744-BE09BB747EF1}.Debug|Any CPU.Build.0 = Debug|Any CPU
		{80DC786F-CB94-4D48-8744-BE09BB747EF1}.Release|Any CPU.ActiveCfg = Release|Any CPU
		{80DC786F-CB94-4D48-8744-BE09BB747EF1}.Release|Any CPU.Build.0 = Release|Any CPU
		{B5EB5732-E410-4C96-8C49-EA4D151AD068}.Debug|Any CPU.ActiveCfg = Debug|Any CPU
		{B5EB5732-E410-4C96-8C49-EA4D151AD068}.Debug|Any CPU.Build.0 = Debug|Any CPU
		{B5EB5732-E410-4C96-8C49-EA4D151AD068}.Release|Any CPU.ActiveCfg = Release|Any CPU
		{B5EB5732-E410-4C96-8C49-EA4D151AD068}.Release|Any CPU.Build.0 = Release|Any CPU
		{99DC56AC-0726-4768-8F17-BDCA68707CBF}.Debug|Any CPU.ActiveCfg = Debug|Any CPU
		{99DC56AC-0726-4768-8F17-BDCA68707CBF}.Debug|Any CPU.Build.0 = Debug|Any CPU
		{99DC56AC-0726-4768-8F17-BDCA68707CBF}.Release|Any CPU.ActiveCfg = Release|Any CPU
		{99DC56AC-0726-4768-8F17-BDCA68707CBF}.Release|Any CPU.Build.0 = Release|Any CPU
		{2D3D68F0-ADE9-408A-9AF2-CBE4408C388E}.Debug|Any CPU.ActiveCfg = Debug|Any CPU
		{2D3D68F0-ADE9-408A-9AF2-CBE4408C388E}.Debug|Any CPU.Build.0 = Debug|Any CPU
		{2D3D68F0-ADE9-408A-9AF2-CBE4408C388E}.Release|Any CPU.ActiveCfg = Release|Any CPU
		{2D3D68F0-ADE9-408A-9AF2-CBE4408C388E}.Release|Any CPU.Build.0 = Release|Any CPU
		{AA895B3B-93F3-4773-817E-4AF07D1C5E57}.Debug|Any CPU.ActiveCfg = Debug|Any CPU
		{AA895B3B-93F3-4773-817E-4AF07D1C5E57}.Debug|Any CPU.Build.0 = Debug|Any CPU
		{AA895B3B-93F3-4773-817E-4AF07D1C5E57}.Release|Any CPU.ActiveCfg = Release|Any CPU
		{AA895B3B-93F3-4773-817E-4AF07D1C5E57}.Release|Any CPU.Build.0 = Release|Any CPU
		{A5775110-85EE-4932-8DFE-4488F8946AC0}.Debug|Any CPU.ActiveCfg = Debug|Any CPU
		{A5775110-85EE-4932-8DFE-4488F8946AC0}.Debug|Any CPU.Build.0 = Debug|Any CPU
		{A5775110-85EE-4932-8DFE-4488F8946AC0}.Release|Any CPU.ActiveCfg = Release|Any CPU
		{A5775110-85EE-4932-8DFE-4488F8946AC0}.Release|Any CPU.Build.0 = Release|Any CPU
		{888A48E0-85C5-4B5D-9663-DF478349DC0A}.Debug|Any CPU.ActiveCfg = Debug|Any CPU
		{888A48E0-85C5-4B5D-9663-DF478349DC0A}.Debug|Any CPU.Build.0 = Debug|Any CPU
		{888A48E0-85C5-4B5D-9663-DF478349DC0A}.Release|Any CPU.ActiveCfg = Release|Any CPU
		{888A48E0-85C5-4B5D-9663-DF478349DC0A}.Release|Any CPU.Build.0 = Release|Any CPU
		{61065541-E9AB-4492-9E3F-FD6948E1AD7F}.Debug|Any CPU.ActiveCfg = Debug|Any CPU
		{61065541-E9AB-4492-9E3F-FD6948E1AD7F}.Debug|Any CPU.Build.0 = Debug|Any CPU
		{61065541-E9AB-4492-9E3F-FD6948E1AD7F}.Release|Any CPU.ActiveCfg = Release|Any CPU
		{61065541-E9AB-4492-9E3F-FD6948E1AD7F}.Release|Any CPU.Build.0 = Release|Any CPU
		{3AA09E5F-C5CA-448F-B547-83D2C630A327}.Debug|Any CPU.ActiveCfg = Debug|Any CPU
		{3AA09E5F-C5CA-448F-B547-83D2C630A327}.Debug|Any CPU.Build.0 = Debug|Any CPU
		{3AA09E5F-C5CA-448F-B547-83D2C630A327}.Release|Any CPU.ActiveCfg = Release|Any CPU
		{3AA09E5F-C5CA-448F-B547-83D2C630A327}.Release|Any CPU.Build.0 = Release|Any CPU
		{38415A54-2C23-4675-93AE-823511B214A9}.Debug|Any CPU.ActiveCfg = Debug|Any CPU
		{38415A54-2C23-4675-93AE-823511B214A9}.Debug|Any CPU.Build.0 = Debug|Any CPU
		{38415A54-2C23-4675-93AE-823511B214A9}.Release|Any CPU.ActiveCfg = Release|Any CPU
		{38415A54-2C23-4675-93AE-823511B214A9}.Release|Any CPU.Build.0 = Release|Any CPU
		{47F4E273-3E81-4BB4-9D9F-9E44D34AE34C}.Debug|Any CPU.ActiveCfg = Debug|Any CPU
		{47F4E273-3E81-4BB4-9D9F-9E44D34AE34C}.Debug|Any CPU.Build.0 = Debug|Any CPU
		{47F4E273-3E81-4BB4-9D9F-9E44D34AE34C}.Release|Any CPU.ActiveCfg = Release|Any CPU
		{47F4E273-3E81-4BB4-9D9F-9E44D34AE34C}.Release|Any CPU.Build.0 = Release|Any CPU
		{ADC07942-FD50-4BEE-B2FB-7E6452010E69}.Debug|Any CPU.ActiveCfg = Debug|Any CPU
		{ADC07942-FD50-4BEE-B2FB-7E6452010E69}.Debug|Any CPU.Build.0 = Debug|Any CPU
		{ADC07942-FD50-4BEE-B2FB-7E6452010E69}.Release|Any CPU.ActiveCfg = Release|Any CPU
		{ADC07942-FD50-4BEE-B2FB-7E6452010E69}.Release|Any CPU.Build.0 = Release|Any CPU
		{9A65EB7A-C272-4C02-9E0F-642C9A210BE1}.Debug|Any CPU.ActiveCfg = Debug|Any CPU
		{9A65EB7A-C272-4C02-9E0F-642C9A210BE1}.Debug|Any CPU.Build.0 = Debug|Any CPU
		{9A65EB7A-C272-4C02-9E0F-642C9A210BE1}.Release|Any CPU.ActiveCfg = Release|Any CPU
		{9A65EB7A-C272-4C02-9E0F-642C9A210BE1}.Release|Any CPU.Build.0 = Release|Any CPU
		{9FAA92D5-4E0B-4399-A994-642AD7098662}.Debug|Any CPU.ActiveCfg = Debug|Any CPU
		{9FAA92D5-4E0B-4399-A994-642AD7098662}.Debug|Any CPU.Build.0 = Debug|Any CPU
		{9FAA92D5-4E0B-4399-A994-642AD7098662}.Release|Any CPU.ActiveCfg = Release|Any CPU
		{9FAA92D5-4E0B-4399-A994-642AD7098662}.Release|Any CPU.Build.0 = Release|Any CPU
		{7F47A653-C25C-4AD3-97F4-1FC0601C3202}.Debug|Any CPU.ActiveCfg = Debug|Any CPU
		{7F47A653-C25C-4AD3-97F4-1FC0601C3202}.Debug|Any CPU.Build.0 = Debug|Any CPU
		{7F47A653-C25C-4AD3-97F4-1FC0601C3202}.Release|Any CPU.ActiveCfg = Release|Any CPU
		{7F47A653-C25C-4AD3-97F4-1FC0601C3202}.Release|Any CPU.Build.0 = Release|Any CPU
		{12A87A1E-D3C6-40EA-8287-9A6EBAD7B5A8}.Debug|Any CPU.ActiveCfg = Debug|Any CPU
		{12A87A1E-D3C6-40EA-8287-9A6EBAD7B5A8}.Debug|Any CPU.Build.0 = Debug|Any CPU
		{12A87A1E-D3C6-40EA-8287-9A6EBAD7B5A8}.Release|Any CPU.ActiveCfg = Release|Any CPU
		{12A87A1E-D3C6-40EA-8287-9A6EBAD7B5A8}.Release|Any CPU.Build.0 = Release|Any CPU
		{725DF23C-48FF-44B3-B2C8-2C50CB8F68B4}.Debug|Any CPU.ActiveCfg = Debug|Any CPU
		{725DF23C-48FF-44B3-B2C8-2C50CB8F68B4}.Debug|Any CPU.Build.0 = Debug|Any CPU
		{725DF23C-48FF-44B3-B2C8-2C50CB8F68B4}.Release|Any CPU.ActiveCfg = Release|Any CPU
		{725DF23C-48FF-44B3-B2C8-2C50CB8F68B4}.Release|Any CPU.Build.0 = Release|Any CPU
		{1FF98EF5-4E3A-4534-BC1C-0A81515AEC20}.Debug|Any CPU.ActiveCfg = Debug|Any CPU
		{1FF98EF5-4E3A-4534-BC1C-0A81515AEC20}.Debug|Any CPU.Build.0 = Debug|Any CPU
		{1FF98EF5-4E3A-4534-BC1C-0A81515AEC20}.Release|Any CPU.ActiveCfg = Release|Any CPU
		{1FF98EF5-4E3A-4534-BC1C-0A81515AEC20}.Release|Any CPU.Build.0 = Release|Any CPU
		{6B6BCD75-B65B-496C-B088-0AE3C3256B7C}.Debug|Any CPU.ActiveCfg = Debug|Any CPU
		{6B6BCD75-B65B-496C-B088-0AE3C3256B7C}.Debug|Any CPU.Build.0 = Debug|Any CPU
		{6B6BCD75-B65B-496C-B088-0AE3C3256B7C}.Release|Any CPU.ActiveCfg = Release|Any CPU
		{6B6BCD75-B65B-496C-B088-0AE3C3256B7C}.Release|Any CPU.Build.0 = Release|Any CPU
		{78CC2656-7C91-4F99-951A-0212B89986D4}.Debug|Any CPU.ActiveCfg = Debug|Any CPU
		{78CC2656-7C91-4F99-951A-0212B89986D4}.Debug|Any CPU.Build.0 = Debug|Any CPU
		{78CC2656-7C91-4F99-951A-0212B89986D4}.Release|Any CPU.ActiveCfg = Release|Any CPU
		{78CC2656-7C91-4F99-951A-0212B89986D4}.Release|Any CPU.Build.0 = Release|Any CPU
	EndGlobalSection
	GlobalSection(SolutionProperties) = preSolution
		HideSolutionNode = FALSE
	EndGlobalSection
	GlobalSection(NestedProjects) = preSolution
		{4D6694FC-ECD2-4694-8839-D3BF86AD879A} = {68F1F408-070A-4203-92DF-48FDDCB6C0DE}
		{713FAFEF-06A9-4361-93BA-6562F05AF317} = {68F1F408-070A-4203-92DF-48FDDCB6C0DE}
		{202C3595-CF62-4D29-B77C-DA96D9248F85} = {68F1F408-070A-4203-92DF-48FDDCB6C0DE}
		{931FAC76-C0B8-494D-9B36-2CB9342FD677} = {68F1F408-070A-4203-92DF-48FDDCB6C0DE}
		{347E9B9C-F45B-4290-A27A-6AFB889EB4D6} = {68F1F408-070A-4203-92DF-48FDDCB6C0DE}
		{80DC786F-CB94-4D48-8744-BE09BB747EF1} = {68F1F408-070A-4203-92DF-48FDDCB6C0DE}
		{B5EB5732-E410-4C96-8C49-EA4D151AD068} = {68F1F408-070A-4203-92DF-48FDDCB6C0DE}
		{99DC56AC-0726-4768-8F17-BDCA68707CBF} = {68F1F408-070A-4203-92DF-48FDDCB6C0DE}
		{0901E1C7-FA6A-4ED3-A407-CBDED8B2B0CD} = {833B1AA1-5B99-47F9-9846-1F575E7710C2}
		{E1A900F6-A765-4A39-8AA6-467845F231B9} = {0901E1C7-FA6A-4ED3-A407-CBDED8B2B0CD}
		{AA895B3B-93F3-4773-817E-4AF07D1C5E57} = {E1A900F6-A765-4A39-8AA6-467845F231B9}
		{A5775110-85EE-4932-8DFE-4488F8946AC0} = {E1A900F6-A765-4A39-8AA6-467845F231B9}
		{7B5E753D-AAB9-4B9A-A0A0-36F8539019BF} = {0901E1C7-FA6A-4ED3-A407-CBDED8B2B0CD}
		{888A48E0-85C5-4B5D-9663-DF478349DC0A} = {7B5E753D-AAB9-4B9A-A0A0-36F8539019BF}
		{C0508086-085E-4AD8-9462-80B8EB585CDE} = {833B1AA1-5B99-47F9-9846-1F575E7710C2}
		{2C861754-2506-4EF2-8B05-E46ED582E80A} = {C0508086-085E-4AD8-9462-80B8EB585CDE}
		{61065541-E9AB-4492-9E3F-FD6948E1AD7F} = {2C861754-2506-4EF2-8B05-E46ED582E80A}
		{3AA09E5F-C5CA-448F-B547-83D2C630A327} = {2C861754-2506-4EF2-8B05-E46ED582E80A}
		{877B95CA-42A2-4396-9A54-606A2B0F459D} = {C0508086-085E-4AD8-9462-80B8EB585CDE}
		{38415A54-2C23-4675-93AE-823511B214A9} = {877B95CA-42A2-4396-9A54-606A2B0F459D}
		{47F4E273-3E81-4BB4-9D9F-9E44D34AE34C} = {7B5E753D-AAB9-4B9A-A0A0-36F8539019BF}
		{ADC07942-FD50-4BEE-B2FB-7E6452010E69} = {877B95CA-42A2-4396-9A54-606A2B0F459D}
		{9A65EB7A-C272-4C02-9E0F-642C9A210BE1} = {7B5E753D-AAB9-4B9A-A0A0-36F8539019BF}
		{9FAA92D5-4E0B-4399-A994-642AD7098662} = {7B5E753D-AAB9-4B9A-A0A0-36F8539019BF}
		{7F47A653-C25C-4AD3-97F4-1FC0601C3202} = {7B5E753D-AAB9-4B9A-A0A0-36F8539019BF}
		{12A87A1E-D3C6-40EA-8287-9A6EBAD7B5A8} = {877B95CA-42A2-4396-9A54-606A2B0F459D}
		{725DF23C-48FF-44B3-B2C8-2C50CB8F68B4} = {877B95CA-42A2-4396-9A54-606A2B0F459D}
		{1FF98EF5-4E3A-4534-BC1C-0A81515AEC20} = {877B95CA-42A2-4396-9A54-606A2B0F459D}
		{6B6BCD75-B65B-496C-B088-0AE3C3256B7C} = {7B5E753D-AAB9-4B9A-A0A0-36F8539019BF}
		{78CC2656-7C91-4F99-951A-0212B89986D4} = {877B95CA-42A2-4396-9A54-606A2B0F459D}
	EndGlobalSection
	GlobalSection(ExtensibilityGlobals) = postSolution
		SolutionGuid = {AD118769-C6C1-4143-8572-DBB43A8E9A83}
	EndGlobalSection
EndGlobal
