<?xml version="1.0" encoding="utf-8"?>
<Project ToolsVersion="4.0" xmlns="http://schemas.microsoft.com/developer/msbuild/2003">
  <ItemGroup>
    <Filter Include="Source Files">
      <UniqueIdentifier>{4FC737F1-C7A5-4376-A066-2A32D752A2FF}</UniqueIdentifier>
      <Extensions>cpp;c;cc;cxx;c++;cppm;ixx;def;odl;idl;hpj;bat;asm;asmx</Extensions>
    </Filter>
    <Filter Include="Header Files">
      <UniqueIdentifier>{93995380-89BD-4b04-88EB-625FBE52EBFB}</UniqueIdentifier>
      <Extensions>h;hh;hpp;hxx;h++;hm;inl;inc;ipp;xsd</Extensions>
    </Filter>
    <Filter Include="Resource Files">
      <UniqueIdentifier>{67DA6AB6-F800-4c08-8B7A-83BB121AAD01}</UniqueIdentifier>
      <Extensions>rc;ico;cur;bmp;dlg;rc2;rct;bin;rgs;gif;jpg;jpeg;jpe;resx;tiff;tif;png;wav;mfcribbon-ms</Extensions>
    </Filter>
    <Filter Include="Source Files\dear_bindings">
      <UniqueIdentifier>{7d58e026-dae0-494d-b8dc-56bbb9b9af9a}</UniqueIdentifier>
    </Filter>
    <Filter Include="Source Files\dear_bindings\backends">
      <UniqueIdentifier>{ab34e3ad-d6e1-4655-80f5-81821bf0de61}</UniqueIdentifier>
    </Filter>
    <Filter Include="Header Files\dear_bindings">
      <UniqueIdentifier>{df217f1b-a900-4562-a423-24439d8b1214}</UniqueIdentifier>
    </Filter>
    <Filter Include="Header Files\dear_bindings\backends">
      <UniqueIdentifier>{845aca75-ef9b-45b7-8b54-5fcaab51c15f}</UniqueIdentifier>
    </Filter>
    <Filter Include="Header Files\imgui">
      <UniqueIdentifier>{60c12c5a-bc8a-49eb-adec-22a905b710cf}</UniqueIdentifier>
    </Filter>
    <Filter Include="Header Files\imgui\backends">
      <UniqueIdentifier>{ccaf2b47-680b-4630-9dec-7e04a48f34fd}</UniqueIdentifier>
    </Filter>
    <Filter Include="Source Files\imgui">
      <UniqueIdentifier>{98f4e6e4-9f67-49cb-b81e-4190b5385bbf}</UniqueIdentifier>
    </Filter>
    <Filter Include="Source Files\imgui\backends">
      <UniqueIdentifier>{f98d95c9-f031-4f27-a707-481b2f6dc5bd}</UniqueIdentifier>
    </Filter>
    <Filter Include="Header Files\sdl3">
      <UniqueIdentifier>{4181987b-32e5-4a47-a2ee-c169b51e19c3}</UniqueIdentifier>
    </Filter>
    <Filter Include="Spec Files">
      <UniqueIdentifier>{bddf9186-b183-47fb-b678-0ab77953197d}</UniqueIdentifier>
    </Filter>
    <Filter Include="Spec Files\backends">
      <UniqueIdentifier>{404b580d-75f7-4c3c-9c51-f9d66ae76e7e}</UniqueIdentifier>
    </Filter>
  </ItemGroup>
  <ItemGroup>
    <ClInclude Include="framework.h">
      <Filter>Header Files</Filter>
    </ClInclude>
    <ClInclude Include="dear_bindings\dcimgui.h">
      <Filter>Header Files\dear_bindings</Filter>
    </ClInclude>
    <ClInclude Include="dear_bindings\dcimgui_internal.h">
      <Filter>Header Files\dear_bindings</Filter>
    </ClInclude>
    <ClInclude Include="dear_bindings\backends\dcimgui_impl_sdl3.h">
      <Filter>Header Files\dear_bindings\backends</Filter>
    </ClInclude>
    <ClInclude Include="dear_bindings\backends\dcimgui_impl_sdlgpu3.h">
      <Filter>Header Files\dear_bindings\backends</Filter>
    </ClInclude>
    <ClInclude Include="dear_bindings\backends\dcimgui_impl_sdlrenderer3.h">
      <Filter>Header Files\dear_bindings\backends</Filter>
    </ClInclude>
    <ClInclude Include="imgui\imconfig.h">
      <Filter>Header Files\imgui</Filter>
    </ClInclude>
    <ClInclude Include="imgui\imgui.h">
      <Filter>Header Files\imgui</Filter>
    </ClInclude>
    <ClInclude Include="imgui\backends\imgui_impl_sdl3.h">
      <Filter>Header Files\imgui\backends</Filter>
    </ClInclude>
    <ClInclude Include="imgui\backends\imgui_impl_sdlgpu3.h">
      <Filter>Header Files\imgui\backends</Filter>
    </ClInclude>
    <ClInclude Include="imgui\backends\imgui_impl_sdlgpu3_shaders.h">
      <Filter>Header Files\imgui\backends</Filter>
    </ClInclude>
    <ClInclude Include="imgui\backends\imgui_impl_sdlrenderer3.h">
      <Filter>Header Files\imgui\backends</Filter>
    </ClInclude>
    <ClInclude Include="imgui\imgui_internal.h">
      <Filter>Header Files\imgui</Filter>
    </ClInclude>
    <ClInclude Include="imgui\imstb_rectpack.h">
      <Filter>Header Files\imgui</Filter>
    </ClInclude>
    <ClInclude Include="imgui\imstb_textedit.h">
      <Filter>Header Files\imgui</Filter>
    </ClInclude>
    <ClInclude Include="imgui\imstb_truetype.h">
      <Filter>Header Files\imgui</Filter>
    </ClInclude>
    <ClInclude Include="sdl3\include\SDL3\SDL.h">
      <Filter>Header Files\sdl3</Filter>
    </ClInclude>
    <ClInclude Include="sdl3\include\SDL3\SDL_assert.h">
      <Filter>Header Files\sdl3</Filter>
    </ClInclude>
    <ClInclude Include="sdl3\include\SDL3\SDL_asyncio.h">
      <Filter>Header Files\sdl3</Filter>
    </ClInclude>
    <ClInclude Include="sdl3\include\SDL3\SDL_atomic.h">
      <Filter>Header Files\sdl3</Filter>
    </ClInclude>
    <ClInclude Include="sdl3\include\SDL3\SDL_audio.h">
      <Filter>Header Files\sdl3</Filter>
    </ClInclude>
    <ClInclude Include="sdl3\include\SDL3\SDL_begin_code.h">
      <Filter>Header Files\sdl3</Filter>
    </ClInclude>
    <ClInclude Include="sdl3\include\SDL3\SDL_bits.h">
      <Filter>Header Files\sdl3</Filter>
    </ClInclude>
    <ClInclude Include="sdl3\include\SDL3\SDL_blendmode.h">
      <Filter>Header Files\sdl3</Filter>
    </ClInclude>
    <ClInclude Include="sdl3\include\SDL3\SDL_camera.h">
      <Filter>Header Files\sdl3</Filter>
    </ClInclude>
    <ClInclude Include="sdl3\include\SDL3\SDL_clipboard.h">
      <Filter>Header Files\sdl3</Filter>
    </ClInclude>
    <ClInclude Include="sdl3\include\SDL3\SDL_close_code.h">
      <Filter>Header Files\sdl3</Filter>
    </ClInclude>
    <ClInclude Include="sdl3\include\SDL3\SDL_copying.h">
      <Filter>Header Files\sdl3</Filter>
    </ClInclude>
    <ClInclude Include="sdl3\include\SDL3\SDL_cpuinfo.h">
      <Filter>Header Files\sdl3</Filter>
    </ClInclude>
    <ClInclude Include="sdl3\include\SDL3\SDL_dialog.h">
      <Filter>Header Files\sdl3</Filter>
    </ClInclude>
    <ClInclude Include="sdl3\include\SDL3\SDL_egl.h">
      <Filter>Header Files\sdl3</Filter>
    </ClInclude>
    <ClInclude Include="sdl3\include\SDL3\SDL_endian.h">
      <Filter>Header Files\sdl3</Filter>
    </ClInclude>
    <ClInclude Include="sdl3\include\SDL3\SDL_error.h">
      <Filter>Header Files\sdl3</Filter>
    </ClInclude>
    <ClInclude Include="sdl3\include\SDL3\SDL_events.h">
      <Filter>Header Files\sdl3</Filter>
    </ClInclude>
    <ClInclude Include="sdl3\include\SDL3\SDL_filesystem.h">
      <Filter>Header Files\sdl3</Filter>
    </ClInclude>
    <ClInclude Include="sdl3\include\SDL3\SDL_gamepad.h">
      <Filter>Header Files\sdl3</Filter>
    </ClInclude>
    <ClInclude Include="sdl3\include\SDL3\SDL_gpu.h">
      <Filter>Header Files\sdl3</Filter>
    </ClInclude>
    <ClInclude Include="sdl3\include\SDL3\SDL_guid.h">
      <Filter>Header Files\sdl3</Filter>
    </ClInclude>
    <ClInclude Include="sdl3\include\SDL3\SDL_haptic.h">
      <Filter>Header Files\sdl3</Filter>
    </ClInclude>
    <ClInclude Include="sdl3\include\SDL3\SDL_hidapi.h">
      <Filter>Header Files\sdl3</Filter>
    </ClInclude>
    <ClInclude Include="sdl3\include\SDL3\SDL_hints.h">
      <Filter>Header Files\sdl3</Filter>
    </ClInclude>
    <ClInclude Include="sdl3\include\SDL3\SDL_init.h">
      <Filter>Header Files\sdl3</Filter>
    </ClInclude>
    <ClInclude Include="sdl3\include\SDL3\SDL_intrin.h">
      <Filter>Header Files\sdl3</Filter>
    </ClInclude>
    <ClInclude Include="sdl3\include\SDL3\SDL_iostream.h">
      <Filter>Header Files\sdl3</Filter>
    </ClInclude>
    <ClInclude Include="sdl3\include\SDL3\SDL_joystick.h">
      <Filter>Header Files\sdl3</Filter>
    </ClInclude>
    <ClInclude Include="sdl3\include\SDL3\SDL_keyboard.h">
      <Filter>Header Files\sdl3</Filter>
    </ClInclude>
    <ClInclude Include="sdl3\include\SDL3\SDL_keycode.h">
      <Filter>Header Files\sdl3</Filter>
    </ClInclude>
    <ClInclude Include="sdl3\include\SDL3\SDL_loadso.h">
      <Filter>Header Files\sdl3</Filter>
    </ClInclude>
    <ClInclude Include="sdl3\include\SDL3\SDL_locale.h">
      <Filter>Header Files\sdl3</Filter>
    </ClInclude>
    <ClInclude Include="sdl3\include\SDL3\SDL_log.h">
      <Filter>Header Files\sdl3</Filter>
    </ClInclude>
    <ClInclude Include="sdl3\include\SDL3\SDL_main.h">
      <Filter>Header Files\sdl3</Filter>
    </ClInclude>
    <ClInclude Include="sdl3\include\SDL3\SDL_main_impl.h">
      <Filter>Header Files\sdl3</Filter>
    </ClInclude>
    <ClInclude Include="sdl3\include\SDL3\SDL_messagebox.h">
      <Filter>Header Files\sdl3</Filter>
    </ClInclude>
    <ClInclude Include="sdl3\include\SDL3\SDL_metal.h">
      <Filter>Header Files\sdl3</Filter>
    </ClInclude>
    <ClInclude Include="sdl3\include\SDL3\SDL_misc.h">
      <Filter>Header Files\sdl3</Filter>
    </ClInclude>
    <ClInclude Include="sdl3\include\SDL3\SDL_mouse.h">
      <Filter>Header Files\sdl3</Filter>
    </ClInclude>
    <ClInclude Include="sdl3\include\SDL3\SDL_mutex.h">
      <Filter>Header Files\sdl3</Filter>
    </ClInclude>
    <ClInclude Include="sdl3\include\SDL3\SDL_oldnames.h">
      <Filter>Header Files\sdl3</Filter>
    </ClInclude>
    <ClInclude Include="sdl3\include\SDL3\SDL_opengl.h">
      <Filter>Header Files\sdl3</Filter>
    </ClInclude>
    <ClInclude Include="sdl3\include\SDL3\SDL_opengl_glext.h">
      <Filter>Header Files\sdl3</Filter>
    </ClInclude>
    <ClInclude Include="sdl3\include\SDL3\SDL_opengles.h">
      <Filter>Header Files\sdl3</Filter>
    </ClInclude>
    <ClInclude Include="sdl3\include\SDL3\SDL_opengles2.h">
      <Filter>Header Files\sdl3</Filter>
    </ClInclude>
    <ClInclude Include="sdl3\include\SDL3\SDL_opengles2_gl2.h">
      <Filter>Header Files\sdl3</Filter>
    </ClInclude>
    <ClInclude Include="sdl3\include\SDL3\SDL_opengles2_gl2ext.h">
      <Filter>Header Files\sdl3</Filter>
    </ClInclude>
    <ClInclude Include="sdl3\include\SDL3\SDL_opengles2_gl2platform.h">
      <Filter>Header Files\sdl3</Filter>
    </ClInclude>
    <ClInclude Include="sdl3\include\SDL3\SDL_opengles2_khrplatform.h">
      <Filter>Header Files\sdl3</Filter>
    </ClInclude>
    <ClInclude Include="sdl3\include\SDL3\SDL_pen.h">
      <Filter>Header Files\sdl3</Filter>
    </ClInclude>
    <ClInclude Include="sdl3\include\SDL3\SDL_pixels.h">
      <Filter>Header Files\sdl3</Filter>
    </ClInclude>
    <ClInclude Include="sdl3\include\SDL3\SDL_platform.h">
      <Filter>Header Files\sdl3</Filter>
    </ClInclude>
    <ClInclude Include="sdl3\include\SDL3\SDL_platform_defines.h">
      <Filter>Header Files\sdl3</Filter>
    </ClInclude>
    <ClInclude Include="sdl3\include\SDL3\SDL_power.h">
      <Filter>Header Files\sdl3</Filter>
    </ClInclude>
    <ClInclude Include="sdl3\include\SDL3\SDL_process.h">
      <Filter>Header Files\sdl3</Filter>
    </ClInclude>
    <ClInclude Include="sdl3\include\SDL3\SDL_properties.h">
      <Filter>Header Files\sdl3</Filter>
    </ClInclude>
    <ClInclude Include="sdl3\include\SDL3\SDL_rect.h">
      <Filter>Header Files\sdl3</Filter>
    </ClInclude>
    <ClInclude Include="sdl3\include\SDL3\SDL_render.h">
      <Filter>Header Files\sdl3</Filter>
    </ClInclude>
    <ClInclude Include="sdl3\include\SDL3\SDL_revision.h">
      <Filter>Header Files\sdl3</Filter>
    </ClInclude>
    <ClInclude Include="sdl3\include\SDL3\SDL_scancode.h">
      <Filter>Header Files\sdl3</Filter>
    </ClInclude>
    <ClInclude Include="sdl3\include\SDL3\SDL_sensor.h">
      <Filter>Header Files\sdl3</Filter>
    </ClInclude>
    <ClInclude Include="sdl3\include\SDL3\SDL_stdinc.h">
      <Filter>Header Files\sdl3</Filter>
    </ClInclude>
    <ClInclude Include="sdl3\include\SDL3\SDL_storage.h">
      <Filter>Header Files\sdl3</Filter>
    </ClInclude>
    <ClInclude Include="sdl3\include\SDL3\SDL_surface.h">
      <Filter>Header Files\sdl3</Filter>
    </ClInclude>
    <ClInclude Include="sdl3\include\SDL3\SDL_system.h">
      <Filter>Header Files\sdl3</Filter>
    </ClInclude>
    <ClInclude Include="sdl3\include\SDL3\SDL_test.h">
      <Filter>Header Files\sdl3</Filter>
    </ClInclude>
    <ClInclude Include="sdl3\include\SDL3\SDL_test_assert.h">
      <Filter>Header Files\sdl3</Filter>
    </ClInclude>
    <ClInclude Include="sdl3\include\SDL3\SDL_test_common.h">
      <Filter>Header Files\sdl3</Filter>
    </ClInclude>
    <ClInclude Include="sdl3\include\SDL3\SDL_test_compare.h">
      <Filter>Header Files\sdl3</Filter>
    </ClInclude>
    <ClInclude Include="sdl3\include\SDL3\SDL_test_crc32.h">
      <Filter>Header Files\sdl3</Filter>
    </ClInclude>
    <ClInclude Include="sdl3\include\SDL3\SDL_test_font.h">
      <Filter>Header Files\sdl3</Filter>
    </ClInclude>
    <ClInclude Include="sdl3\include\SDL3\SDL_test_fuzzer.h">
      <Filter>Header Files\sdl3</Filter>
    </ClInclude>
    <ClInclude Include="sdl3\include\SDL3\SDL_test_harness.h">
      <Filter>Header Files\sdl3</Filter>
    </ClInclude>
    <ClInclude Include="sdl3\include\SDL3\SDL_test_log.h">
      <Filter>Header Files\sdl3</Filter>
    </ClInclude>
    <ClInclude Include="sdl3\include\SDL3\SDL_test_md5.h">
      <Filter>Header Files\sdl3</Filter>
    </ClInclude>
    <ClInclude Include="sdl3\include\SDL3\SDL_test_memory.h">
      <Filter>Header Files\sdl3</Filter>
    </ClInclude>
    <ClInclude Include="sdl3\include\SDL3\SDL_thread.h">
      <Filter>Header Files\sdl3</Filter>
    </ClInclude>
    <ClInclude Include="sdl3\include\SDL3\SDL_time.h">
      <Filter>Header Files\sdl3</Filter>
    </ClInclude>
    <ClInclude Include="sdl3\include\SDL3\SDL_timer.h">
      <Filter>Header Files\sdl3</Filter>
    </ClInclude>
    <ClInclude Include="sdl3\include\SDL3\SDL_touch.h">
      <Filter>Header Files\sdl3</Filter>
    </ClInclude>
    <ClInclude Include="sdl3\include\SDL3\SDL_tray.h">
      <Filter>Header Files\sdl3</Filter>
    </ClInclude>
    <ClInclude Include="sdl3\include\SDL3\SDL_version.h">
      <Filter>Header Files\sdl3</Filter>
    </ClInclude>
    <ClInclude Include="sdl3\include\SDL3\SDL_video.h">
      <Filter>Header Files\sdl3</Filter>
    </ClInclude>
    <ClInclude Include="sdl3\include\SDL3\SDL_vulkan.h">
      <Filter>Header Files\sdl3</Filter>
    </ClInclude>
    <ClInclude Include="my_imgui_config.h">
      <Filter>Header Files</Filter>
    </ClInclude>
  </ItemGroup>
  <ItemGroup>
    <ClCompile Include="dllmain.cpp">
      <Filter>Source Files</Filter>
    </ClCompile>
    <ClCompile Include="dear_bindings\dcimgui.cpp">
      <Filter>Source Files\dear_bindings</Filter>
    </ClCompile>
    <ClCompile Include="dear_bindings\dcimgui_internal.cpp">
      <Filter>Source Files\dear_bindings</Filter>
    </ClCompile>
    <ClCompile Include="dear_bindings\backends\dcimgui_impl_sdl3.cpp">
      <Filter>Source Files\dear_bindings\backends</Filter>
    </ClCompile>
    <ClCompile Include="dear_bindings\backends\dcimgui_impl_sdlgpu3.cpp">
      <Filter>Source Files\dear_bindings\backends</Filter>
    </ClCompile>
    <ClCompile Include="dear_bindings\backends\dcimgui_impl_sdlrenderer3.cpp">
      <Filter>Source Files\dear_bindings\backends</Filter>
    </ClCompile>
    <ClCompile Include="imgui\imgui.cpp">
      <Filter>Source Files\imgui</Filter>
    </ClCompile>
    <ClCompile Include="imgui\imgui_demo.cpp">
      <Filter>Source Files\imgui</Filter>
    </ClCompile>
    <ClCompile Include="imgui\imgui_draw.cpp">
      <Filter>Source Files\imgui</Filter>
    </ClCompile>
    <ClCompile Include="imgui\imgui_tables.cpp">
      <Filter>Source Files\imgui</Filter>
    </ClCompile>
    <ClCompile Include="imgui\imgui_widgets.cpp">
      <Filter>Source Files\imgui</Filter>
    </ClCompile>
    <ClCompile Include="imgui\backends\imgui_impl_sdl3.cpp">
      <Filter>Source Files\imgui\backends</Filter>
    </ClCompile>
    <ClCompile Include="imgui\backends\imgui_impl_sdlgpu3.cpp">
      <Filter>Source Files\imgui\backends</Filter>
    </ClCompile>
    <ClCompile Include="imgui\backends\imgui_impl_sdlrenderer3.cpp">
      <Filter>Source Files\imgui\backends</Filter>
    </ClCompile>
  </ItemGroup>
  <ItemGroup>
    <None Include="dear_bindings\dcimgui.json">
      <Filter>Spec Files</Filter>
    </None>
    <None Include="dear_bindings\dcimgui_imconfig.json">
      <Filter>Spec Files</Filter>
    </None>
    <None Include="dear_bindings\dcimgui_internal.json">
      <Filter>Spec Files</Filter>
    </None>
    <None Include="dear_bindings\dcimgui_internal_imconfig.json">
      <Filter>Spec Files</Filter>
    </None>
    <None Include="dear_bindings\dcimgui_internal_imgui.json">
      <Filter>Spec Files</Filter>
    </None>
    <None Include="dear_bindings\backends\dcimgui_impl_sdl3.json">
      <Filter>Spec Files\backends</Filter>
    </None>
    <None Include="dear_bindings\backends\dcimgui_impl_sdl3_imconfig.json">
      <Filter>Spec Files\backends</Filter>
    </None>
    <None Include="dear_bindings\backends\dcimgui_impl_sdl3_imgui.json">
      <Filter>Spec Files\backends</Filter>
    </None>
    <None Include="dear_bindings\backends\dcimgui_impl_sdlgpu3.json">
      <Filter>Spec Files\backends</Filter>
    </None>
    <None Include="dear_bindings\backends\dcimgui_impl_sdlgpu3_imconfig.json">
      <Filter>Spec Files\backends</Filter>
    </None>
    <None Include="dear_bindings\backends\dcimgui_impl_sdlgpu3_imgui.json">
      <Filter>Spec Files\backends</Filter>
    </None>
    <None Include="dear_bindings\backends\dcimgui_impl_sdlrenderer3.json">
      <Filter>Spec Files\backends</Filter>
    </None>
    <None Include="dear_bindings\backends\dcimgui_impl_sdlrenderer3_imconfig.json">
      <Filter>Spec Files\backends</Filter>
    </None>
    <None Include="dear_bindings\backends\dcimgui_impl_sdlrenderer3_imgui.json">
      <Filter>Spec Files\backends</Filter>
    </None>
  </ItemGroup>
</Project>